
Microsoft Visual Studio Solution File, Format Version 12.00
# Visual Studio 15
VisualStudioVersion = 15.0.28307.705
MinimumVisualStudioVersion = 10.0.40219.1
Project("{8BC9CEB8-8B4A-11D0-8D11-00A0C91BC942}") = "C_Tetris_VS", "C_Tetris_VS\C_Tetris_VS.vcxproj", "{4764E7F0-B119-4EE2-A070-6E07FEBBD77F}"
EndProject
Global
	GlobalSection(SolutionConfigurationPlatforms) = preSolution
		Debug|x64 = Debug|x64
		Debug|x86 = Debug|x86
		Release|x64 = Release|x64
		Release|x86 = Release|x86
	EndGlobalSection
	GlobalSection(ProjectConfigurationPlatforms) = postSolution
		{4764E7F0-B119-4EE2-A070-6E07FEBBD77F}.Debug|x64.ActiveCfg = Debug|x64
		{4764E7F0-B119-4EE2-A070-6E07FEBBD77F}.Debug|x64.Build.0 = Debug|x64
		{4764E7F0-B119-4EE2-A070-6E07FEBBD77F}.Debug|x86.ActiveCfg = Debug|Win32
		{4764E7F0-B119-4EE2-A070-6E07FEBBD77F}.Debug|x86.Build.0 = Debug|Win32
		{4764E7F0-B119-4EE2-A070-6E07FEBBD77F}.Release|x64.ActiveCfg = Release|x64
		{4764E7F0-B119-4EE2-A070-6E07FEBBD77F}.Release|x64.Build.0 = Release|x64
		{4764E7F0-B119-4EE2-A070-6E07FEBBD77F}.Release|x86.ActiveCfg = Release|Win32
		{4764E7F0-B119-4EE2-A070-6E07FEBBD77F}.Release|x86.Build.0 = Release|Win32
	EndGlobalSection
	GlobalSection(SolutionProperties) = preSolution
		HideSolutionNode = FALSE
	EndGlobalSection
	GlobalSection(ExtensibilityGlobals) = postSolution
		SolutionGuid = {06FBB6A1-B0D7-4735-92B1-8F975D83D00E}
	EndGlobalSection
EndGlobal
